
Microsoft Visual Studio Solution File, Format Version 12.00
# Visual Studio Version 16
VisualStudioVersion = 25.0.1706.5
MinimumVisualStudioVersion = 10.0.40219.1
Project("{FAE04EC0-301F-11D3-BF4B-00C04F79EFBC}") = "BookonnectAPI", "BookonnectAPI.csproj", "{2DDC665E-CF5D-4155-9FC4-8246CB674364}"
EndProject
Global
	GlobalSection(SolutionConfigurationPlatforms) = preSolution
		Debug|Any CPU = Debug|Any CPU
		Release|Any CPU = Release|Any CPU
	EndGlobalSection
	GlobalSection(ProjectConfigurationPlatforms) = postSolution
		{2DDC665E-CF5D-4155-9FC4-8246CB674364}.Debug|Any CPU.ActiveCfg = Debug|Any CPU
		{2DDC665E-CF5D-4155-9FC4-8246CB674364}.Debug|Any CPU.Build.0 = Debug|Any CPU
		{2DDC665E-CF5D-4155-9FC4-8246CB674364}.Release|Any CPU.ActiveCfg = Release|Any CPU
		{2DDC665E-CF5D-4155-9FC4-8246CB674364}.Release|Any CPU.Build.0 = Release|Any CPU
	EndGlobalSection
	GlobalSection(SolutionProperties) = preSolution
		HideSolutionNode = FALSE
	EndGlobalSection
	GlobalSection(ExtensibilityGlobals) = postSolution
		SolutionGuid = {489A61A2-56F0-429A-B61F-F5BEE9FFAB92}
	EndGlobalSection
EndGlobal
